// !$*UTF8*$!
{
	archiveVersion = 1;
	classes = {
	};
	objectVersion = 56;
	objects = {

/* Begin PBXCopyFilesBuildPhase section */
		B98D33C9297A489200AF5578 /* CopyFiles */ = {
			isa = PBXCopyFilesBuildPhase;
			buildActionMask = 2147483647;
			dstPath = /usr/share/man/man1/;
			dstSubfolderSpec = 0;
			files = (
			);
			runOnlyForDeploymentPostprocessing = 1;
		};
/* End PBXCopyFilesBuildPhase section */

/* Begin PBXFileReference section */
		B932A26C2982EA4600D09642 /* 12015.cpp */ = {isa = PBXFileReference; lastKnownFileType = sourcecode.cpp.cpp; path = 12015.cpp; sourceTree = "<group>"; wrapsLines = 0; };
		B932A26E2982EF4900D09642 /* 9012.cpp */ = {isa = PBXFileReference; lastKnownFileType = sourcecode.cpp.cpp; path = 9012.cpp; sourceTree = "<group>"; };
		B932A2702982F75E00D09642 /* 25904.cpp */ = {isa = PBXFileReference; lastKnownFileType = sourcecode.cpp.cpp; path = 25904.cpp; sourceTree = "<group>"; wrapsLines = 0; };
		B932A2722983837E00D09642 /* 10773.cpp */ = {isa = PBXFileReference; lastKnownFileType = sourcecode.cpp.cpp; path = 10773.cpp; sourceTree = "<group>"; };
		B932A2742983BBC700D09642 /* 1010.cpp */ = {isa = PBXFileReference; lastKnownFileType = sourcecode.cpp.cpp; path = 1010.cpp; sourceTree = "<group>"; };
		B932A289298416AC00D09642 /* 1976.cpp */ = {isa = PBXFileReference; lastKnownFileType = sourcecode.cpp.cpp; path = 1976.cpp; sourceTree = "<group>"; };
		B932A28D2984204000D09642 /* _network.cpp */ = {isa = PBXFileReference; lastKnownFileType = sourcecode.cpp.cpp; path = _network.cpp; sourceTree = "<group>"; };
		B932A28E2984245D00D09642 /* judge_int_sqrt.cpp */ = {isa = PBXFileReference; lastKnownFileType = sourcecode.cpp.cpp; path = judge_int_sqrt.cpp; sourceTree = "<group>"; };
		B932A28F2986548500D09642 /* 2161.cpp */ = {isa = PBXFileReference; lastKnownFileType = sourcecode.cpp.cpp; path = 2161.cpp; sourceTree = "<group>"; };
		B932A2912986598000D09642 /* 1012.cpp */ = {isa = PBXFileReference; lastKnownFileType = sourcecode.cpp.cpp; path = 1012.cpp; sourceTree = "<group>"; };
		B932A2932987160F00D09642 /* 14425.cpp */ = {isa = PBXFileReference; lastKnownFileType = sourcecode.cpp.cpp; path = 14425.cpp; sourceTree = "<group>"; };
		B932A2962987E05E00D09642 /* fibo.cpp */ = {isa = PBXFileReference; lastKnownFileType = sourcecode.cpp.cpp; path = fibo.cpp; sourceTree = "<group>"; };
		B932A2972987E4AD00D09642 /* N_LCM.cpp */ = {isa = PBXFileReference; lastKnownFileType = sourcecode.cpp.cpp; path = N_LCM.cpp; sourceTree = "<group>"; };
		B932A2982988236700D09642 /* 1004.cpp */ = {isa = PBXFileReference; lastKnownFileType = sourcecode.cpp.cpp; path = 1004.cpp; sourceTree = "<group>"; wrapsLines = 0; };
		B932A29A298FB8D700D09642 /* 11726.cpp */ = {isa = PBXFileReference; lastKnownFileType = sourcecode.cpp.cpp; path = 11726.cpp; sourceTree = "<group>"; };
		B932A29D298FEDF100D09642 /* number_game.cpp */ = {isa = PBXFileReference; lastKnownFileType = sourcecode.cpp.cpp; path = number_game.cpp; sourceTree = "<group>"; };
		B98D33CB297A489200AF5578 /* BOJ */ = {isa = PBXFileReference; explicitFileType = "compiled.mach-o.executable"; includeInIndex = 0; path = BOJ; sourceTree = BUILT_PRODUCTS_DIR; };
		B98D33CE297A489200AF5578 /* main.cpp */ = {isa = PBXFileReference; lastKnownFileType = sourcecode.cpp.cpp; path = main.cpp; sourceTree = "<group>"; };
		B98D33D8297A492700AF5578 /* 1000.cpp */ = {isa = PBXFileReference; lastKnownFileType = sourcecode.cpp.cpp; path = 1000.cpp; sourceTree = "<group>"; };
		B98D33DC297F946900AF5578 /* 2167.cpp */ = {isa = PBXFileReference; lastKnownFileType = sourcecode.cpp.cpp; path = 2167.cpp; sourceTree = "<group>"; };
		B98D33DE29825E9200AF5578 /* 1009.cpp */ = {isa = PBXFileReference; lastKnownFileType = sourcecode.cpp.cpp; path = 1009.cpp; sourceTree = "<group>"; wrapsLines = 1; };
		B98D33E02982995700AF5578 /* 9085.cpp */ = {isa = PBXFileReference; lastKnownFileType = sourcecode.cpp.cpp; path = 9085.cpp; sourceTree = "<group>"; };
		B98D33E229829CCB00AF5578 /* 10870.cpp */ = {isa = PBXFileReference; lastKnownFileType = sourcecode.cpp.cpp; path = 10870.cpp; sourceTree = "<group>"; };
		B98D33E429829F0700AF5578 /* 1260.cpp */ = {isa = PBXFileReference; lastKnownFileType = sourcecode.cpp.cpp; path = 1260.cpp; sourceTree = "<group>"; };
		B98D33E62982C13400AF5578 /* 1735.cpp */ = {isa = PBXFileReference; lastKnownFileType = sourcecode.cpp.cpp; path = 1735.cpp; sourceTree = "<group>"; };
/* End PBXFileReference section */

/* Begin PBXFrameworksBuildPhase section */
		B98D33C8297A489200AF5578 /* Frameworks */ = {
			isa = PBXFrameworksBuildPhase;
			buildActionMask = 2147483647;
			files = (
			);
			runOnlyForDeploymentPostprocessing = 0;
		};
/* End PBXFrameworksBuildPhase section */

/* Begin PBXGroup section */
		B932A28B29841FC300D09642 /* PROGRAMMERS */ = {
			isa = PBXGroup;
			children = (
				B932A29C298FEDC300D09642 /* SUMMER_WINTER_CODING */,
				B932A28C2984201400D09642 /* CODING_PRAC */,
			);
			path = PROGRAMMERS;
			sourceTree = "<group>";
		};
		B932A28C2984201400D09642 /* CODING_PRAC */ = {
			isa = PBXGroup;
			children = (
				B932A28D2984204000D09642 /* _network.cpp */,
				B932A28E2984245D00D09642 /* judge_int_sqrt.cpp */,
				B932A2962987E05E00D09642 /* fibo.cpp */,
				B932A2972987E4AD00D09642 /* N_LCM.cpp */,
			);
			path = CODING_PRAC;
			sourceTree = "<group>";
		};
		B932A29C298FEDC300D09642 /* SUMMER_WINTER_CODING */ = {
			isa = PBXGroup;
			children = (
				B932A29D298FEDF100D09642 /* number_game.cpp */,
			);
			path = SUMMER_WINTER_CODING;
			sourceTree = "<group>";
		};
		B98D33C2297A489200AF5578 = {
			isa = PBXGroup;
			children = (
				B932A28B29841FC300D09642 /* PROGRAMMERS */,
				B98D33CD297A489200AF5578 /* BOJ */,
				B98D33CC297A489200AF5578 /* Products */,
			);
			sourceTree = "<group>";
		};
		B98D33CC297A489200AF5578 /* Products */ = {
			isa = PBXGroup;
			children = (
				B98D33CB297A489200AF5578 /* BOJ */,
			);
			name = Products;
			sourceTree = "<group>";
		};
		B98D33CD297A489200AF5578 /* BOJ */ = {
			isa = PBXGroup;
			children = (
				B98D33CE297A489200AF5578 /* main.cpp */,
				B98D33D8297A492700AF5578 /* 1000.cpp */,
				B98D33DC297F946900AF5578 /* 2167.cpp */,
				B98D33DE29825E9200AF5578 /* 1009.cpp */,
				B98D33E02982995700AF5578 /* 9085.cpp */,
				B98D33E229829CCB00AF5578 /* 10870.cpp */,
				B98D33E429829F0700AF5578 /* 1260.cpp */,
				B98D33E62982C13400AF5578 /* 1735.cpp */,
				B932A26C2982EA4600D09642 /* 12015.cpp */,
				B932A26E2982EF4900D09642 /* 9012.cpp */,
				B932A2702982F75E00D09642 /* 25904.cpp */,
				B932A2722983837E00D09642 /* 10773.cpp */,
				B932A2742983BBC700D09642 /* 1010.cpp */,
				B932A289298416AC00D09642 /* 1976.cpp */,
				B932A28F2986548500D09642 /* 2161.cpp */,
				B932A2912986598000D09642 /* 1012.cpp */,
				B932A2932987160F00D09642 /* 14425.cpp */,
				B932A2982988236700D09642 /* 1004.cpp */,
				B932A29A298FB8D700D09642 /* 11726.cpp */,
			);
			path = BOJ;
			sourceTree = "<group>";
		};
/* End PBXGroup section */

/* Begin PBXNativeTarget section */
		B98D33CA297A489200AF5578 /* BOJ */ = {
			isa = PBXNativeTarget;
			buildConfigurationList = B98D33D2297A489200AF5578 /* Build configuration list for PBXNativeTarget "BOJ" */;
			buildPhases = (
				B98D33C7297A489200AF5578 /* Sources */,
				B98D33C8297A489200AF5578 /* Frameworks */,
				B98D33C9297A489200AF5578 /* CopyFiles */,
			);
			buildRules = (
			);
			dependencies = (
			);
			name = BOJ;
			productName = BOJ;
			productReference = B98D33CB297A489200AF5578 /* BOJ */;
			productType = "com.apple.product-type.tool";
		};
/* End PBXNativeTarget section */

/* Begin PBXProject section */
		B98D33C3297A489200AF5578 /* Project object */ = {
			isa = PBXProject;
			attributes = {
				BuildIndependentTargetsInParallel = 1;
				LastUpgradeCheck = 1410;
				TargetAttributes = {
					B98D33CA297A489200AF5578 = {
						CreatedOnToolsVersion = 14.1;
					};
				};
			};
			buildConfigurationList = B98D33C6297A489200AF5578 /* Build configuration list for PBXProject "BOJ" */;
			compatibilityVersion = "Xcode 14.0";
			developmentRegion = en;
			hasScannedForEncodings = 0;
			knownRegions = (
				en,
				Base,
			);
			mainGroup = B98D33C2297A489200AF5578;
			productRefGroup = B98D33CC297A489200AF5578 /* Products */;
			projectDirPath = "";
			projectRoot = "";
			targets = (
				B98D33CA297A489200AF5578 /* BOJ */,
			);
		};
/* End PBXProject section */

/* Begin PBXSourcesBuildPhase section */
		B98D33C7297A489200AF5578 /* Sources */ = {
			isa = PBXSourcesBuildPhase;
			buildActionMask = 2147483647;
			files = (
			);
			runOnlyForDeploymentPostprocessing = 0;
		};
/* End PBXSourcesBuildPhase section */

/* Begin XCBuildConfiguration section */
		B98D33D0297A489200AF5578 /* Debug */ = {
			isa = XCBuildConfiguration;
			buildSettings = {
				ALWAYS_SEARCH_USER_PATHS = NO;
				CLANG_ANALYZER_NONNULL = YES;
				CLANG_ANALYZER_NUMBER_OBJECT_CONVERSION = YES_AGGRESSIVE;
				CLANG_CXX_LANGUAGE_STANDARD = "gnu++20";
				CLANG_ENABLE_MODULES = YES;
				CLANG_ENABLE_OBJC_ARC = YES;
				CLANG_ENABLE_OBJC_WEAK = YES;
				CLANG_WARN_BLOCK_CAPTURE_AUTORELEASING = YES;
				CLANG_WARN_BOOL_CONVERSION = YES;
				CLANG_WARN_COMMA = YES;
				CLANG_WARN_CONSTANT_CONVERSION = YES;
				CLANG_WARN_DEPRECATED_OBJC_IMPLEMENTATIONS = YES;
				CLANG_WARN_DIRECT_OBJC_ISA_USAGE = YES_ERROR;
				CLANG_WARN_DOCUMENTATION_COMMENTS = YES;
				CLANG_WARN_EMPTY_BODY = YES;
				CLANG_WARN_ENUM_CONVERSION = YES;
				CLANG_WARN_INFINITE_RECURSION = YES;
				CLANG_WARN_INT_CONVERSION = YES;
				CLANG_WARN_NON_LITERAL_NULL_CONVERSION = YES;
				CLANG_WARN_OBJC_IMPLICIT_RETAIN_SELF = YES;
				CLANG_WARN_OBJC_LITERAL_CONVERSION = YES;
				CLANG_WARN_OBJC_ROOT_CLASS = YES_ERROR;
				CLANG_WARN_QUOTED_INCLUDE_IN_FRAMEWORK_HEADER = YES;
				CLANG_WARN_RANGE_LOOP_ANALYSIS = YES;
				CLANG_WARN_STRICT_PROTOTYPES = YES;
				CLANG_WARN_SUSPICIOUS_MOVE = YES;
				CLANG_WARN_UNGUARDED_AVAILABILITY = YES_AGGRESSIVE;
				CLANG_WARN_UNREACHABLE_CODE = YES;
				CLANG_WARN__DUPLICATE_METHOD_MATCH = YES;
				COPY_PHASE_STRIP = NO;
				DEBUG_INFORMATION_FORMAT = dwarf;
				ENABLE_STRICT_OBJC_MSGSEND = YES;
				ENABLE_TESTABILITY = YES;
				GCC_C_LANGUAGE_STANDARD = gnu11;
				GCC_DYNAMIC_NO_PIC = NO;
				GCC_NO_COMMON_BLOCKS = YES;
				GCC_OPTIMIZATION_LEVEL = 0;
				GCC_PREPROCESSOR_DEFINITIONS = (
					"DEBUG=1",
					"$(inherited)",
				);
				GCC_WARN_64_TO_32_BIT_CONVERSION = YES;
				GCC_WARN_ABOUT_RETURN_TYPE = YES_ERROR;
				GCC_WARN_UNDECLARED_SELECTOR = YES;
				GCC_WARN_UNINITIALIZED_AUTOS = YES_AGGRESSIVE;
				GCC_WARN_UNUSED_FUNCTION = YES;
				GCC_WARN_UNUSED_VARIABLE = YES;
				MACOSX_DEPLOYMENT_TARGET = 13.0;
				MTL_ENABLE_DEBUG_INFO = INCLUDE_SOURCE;
				MTL_FAST_MATH = YES;
				ONLY_ACTIVE_ARCH = YES;
				SDKROOT = macosx;
			};
			name = Debug;
		};
		B98D33D1297A489200AF5578 /* Release */ = {
			isa = XCBuildConfiguration;
			buildSettings = {
				ALWAYS_SEARCH_USER_PATHS = NO;
				CLANG_ANALYZER_NONNULL = YES;
				CLANG_ANALYZER_NUMBER_OBJECT_CONVERSION = YES_AGGRESSIVE;
				CLANG_CXX_LANGUAGE_STANDARD = "gnu++20";
				CLANG_ENABLE_MODULES = YES;
				CLANG_ENABLE_OBJC_ARC = YES;
				CLANG_ENABLE_OBJC_WEAK = YES;
				CLANG_WARN_BLOCK_CAPTURE_AUTORELEASING = YES;
				CLANG_WARN_BOOL_CONVERSION = YES;
				CLANG_WARN_COMMA = YES;
				CLANG_WARN_CONSTANT_CONVERSION = YES;
				CLANG_WARN_DEPRECATED_OBJC_IMPLEMENTATIONS = YES;
				CLANG_WARN_DIRECT_OBJC_ISA_USAGE = YES_ERROR;
				CLANG_WARN_DOCUMENTATION_COMMENTS = YES;
				CLANG_WARN_EMPTY_BODY = YES;
				CLANG_WARN_ENUM_CONVERSION = YES;
				CLANG_WARN_INFINITE_RECURSION = YES;
				CLANG_WARN_INT_CONVERSION = YES;
				CLANG_WARN_NON_LITERAL_NULL_CONVERSION = YES;
				CLANG_WARN_OBJC_IMPLICIT_RETAIN_SELF = YES;
				CLANG_WARN_OBJC_LITERAL_CONVERSION = YES;
				CLANG_WARN_OBJC_ROOT_CLASS = YES_ERROR;
				CLANG_WARN_QUOTED_INCLUDE_IN_FRAMEWORK_HEADER = YES;
				CLANG_WARN_RANGE_LOOP_ANALYSIS = YES;
				CLANG_WARN_STRICT_PROTOTYPES = YES;
				CLANG_WARN_SUSPICIOUS_MOVE = YES;
				CLANG_WARN_UNGUARDED_AVAILABILITY = YES_AGGRESSIVE;
				CLANG_WARN_UNREACHABLE_CODE = YES;
				CLANG_WARN__DUPLICATE_METHOD_MATCH = YES;
				COPY_PHASE_STRIP = NO;
				DEBUG_INFORMATION_FORMAT = "dwarf-with-dsym";
				ENABLE_NS_ASSERTIONS = NO;
				ENABLE_STRICT_OBJC_MSGSEND = YES;
				GCC_C_LANGUAGE_STANDARD = gnu11;
				GCC_NO_COMMON_BLOCKS = YES;
				GCC_WARN_64_TO_32_BIT_CONVERSION = YES;
				GCC_WARN_ABOUT_RETURN_TYPE = YES_ERROR;
				GCC_WARN_UNDECLARED_SELECTOR = YES;
				GCC_WARN_UNINITIALIZED_AUTOS = YES_AGGRESSIVE;
				GCC_WARN_UNUSED_FUNCTION = YES;
				GCC_WARN_UNUSED_VARIABLE = YES;
				MACOSX_DEPLOYMENT_TARGET = 13.0;
				MTL_ENABLE_DEBUG_INFO = NO;
				MTL_FAST_MATH = YES;
				SDKROOT = macosx;
			};
			name = Release;
		};
		B98D33D3297A489200AF5578 /* Debug */ = {
			isa = XCBuildConfiguration;
			buildSettings = {
				CODE_SIGN_STYLE = Automatic;
				PRODUCT_NAME = "$(TARGET_NAME)";
			};
			name = Debug;
		};
		B98D33D4297A489200AF5578 /* Release */ = {
			isa = XCBuildConfiguration;
			buildSettings = {
				CODE_SIGN_STYLE = Automatic;
				PRODUCT_NAME = "$(TARGET_NAME)";
			};
			name = Release;
		};
/* End XCBuildConfiguration section */

/* Begin XCConfigurationList section */
		B98D33C6297A489200AF5578 /* Build configuration list for PBXProject "BOJ" */ = {
			isa = XCConfigurationList;
			buildConfigurations = (
				B98D33D0297A489200AF5578 /* Debug */,
				B98D33D1297A489200AF5578 /* Release */,
			);
			defaultConfigurationIsVisible = 0;
			defaultConfigurationName = Release;
		};
		B98D33D2297A489200AF5578 /* Build configuration list for PBXNativeTarget "BOJ" */ = {
			isa = XCConfigurationList;
			buildConfigurations = (
				B98D33D3297A489200AF5578 /* Debug */,
				B98D33D4297A489200AF5578 /* Release */,
			);
			defaultConfigurationIsVisible = 0;
			defaultConfigurationName = Release;
		};
/* End XCConfigurationList section */
	};
	rootObject = B98D33C3297A489200AF5578 /* Project object */;
}
